# This file is automatically @generated by Cargo.
# It is not intended for manual editing.
version = 3

[[package]]
name = "atomic_refcell"
version = "0.1.13"
source = "registry+https://github.com/rust-lang/crates.io-index"
checksum = "41e67cd8309bbd06cd603a9e693a784ac2e5d1e955f11286e355089fcab3047c"

[[package]]
name = "libc"
version = "0.2.153"
source = "registry+https://github.com/rust-lang/crates.io-index"
checksum = "9c198f91728a82281a64e1f4f9eeb25d82cb32a5de251c6bd1b5154d63a8e7bd"

[[package]]
name = "nfq"
version = "0.2.5"
source = "registry+https://github.com/rust-lang/crates.io-index"
checksum = "b9c8f4c88952507d9df9400a6a2e48640fb460e21dcb2b4716eb3ff156d6db9e"
dependencies = [
 "libc",
]

[[package]]
name = "nfqueue_regex"
version = "0.1.0"
dependencies = [
 "atomic_refcell",
 "nfq",
]
